
Microsoft Visual Studio Solution File, Format Version 12.00
# Visual Studio Version 17
VisualStudioVersion = 17.7.34031.279
MinimumVisualStudioVersion = 10.0.40219.1
Project("{FAE04EC0-301F-11D3-BF4B-00C04F79EFBC}") = "bài buổi 4", "bài buổi 4\bài buổi 4.csproj", "{AAD566D5-B9ED-495A-AA31-A80AD607A56C}"
EndProject
Global
	GlobalSection(SolutionConfigurationPlatforms) = preSolution
		Debug|Any CPU = Debug|Any CPU
		Release|Any CPU = Release|Any CPU
	EndGlobalSection
	GlobalSection(ProjectConfigurationPlatforms) = postSolution
		{AAD566D5-B9ED-495A-AA31-A80AD607A56C}.Debug|Any CPU.ActiveCfg = Debug|Any CPU
		{AAD566D5-B9ED-495A-AA31-A80AD607A56C}.Debug|Any CPU.Build.0 = Debug|Any CPU
		{AAD566D5-B9ED-495A-AA31-A80AD607A56C}.Release|Any CPU.ActiveCfg = Release|Any CPU
		{AAD566D5-B9ED-495A-AA31-A80AD607A56C}.Release|Any CPU.Build.0 = Release|Any CPU
	EndGlobalSection
	GlobalSection(SolutionProperties) = preSolution
		HideSolutionNode = FALSE
	EndGlobalSection
	GlobalSection(ExtensibilityGlobals) = postSolution
		SolutionGuid = {3BBEF929-1D1F-42B9-B124-7EE8F1E7B9CF}
	EndGlobalSection
EndGlobal
